// !$*UTF8*$!
{
	archiveVersion = 1;
	classes = {
	};
	objectVersion = 56;
	objects = {

/* Begin PBXBuildFile section */
		0D0174AA28FD9E0E005DECC3 /* EssentialFeedAPIEndToEndTests.swift in Sources */ = {isa = PBXBuildFile; fileRef = 0D0174A928FD9E0E005DECC3 /* EssentialFeedAPIEndToEndTests.swift */; };
		0D0174AB28FD9E0E005DECC3 /* EssentialFeed.framework in Frameworks */ = {isa = PBXBuildFile; fileRef = 0DF0ED4528E5EB100086DD28 /* EssentialFeed.framework */; };
		0D0174B128FDA893005DECC3 /* XCTestCase+MemoryLeakTracking.swift in Sources */ = {isa = PBXBuildFile; fileRef = 0D5CA1F628F8653A00D664B4 /* XCTestCase+MemoryLeakTracking.swift */; };
		0D4D3CCA2902DFE400D8CA4B /* CacheFeedUseCaseTests.swift in Sources */ = {isa = PBXBuildFile; fileRef = 0D4D3CC92902DFE400D8CA4B /* CacheFeedUseCaseTests.swift */; };
		0D5CA1F728F8653A00D664B4 /* XCTestCase+MemoryLeakTracking.swift in Sources */ = {isa = PBXBuildFile; fileRef = 0D5CA1F628F8653A00D664B4 /* XCTestCase+MemoryLeakTracking.swift */; };
		0D5CA20128F9C7B500D664B4 /* URLSessionHTTPClient.swift in Sources */ = {isa = PBXBuildFile; fileRef = 0D5CA20028F9C7B500D664B4 /* URLSessionHTTPClient.swift */; };
		0D6BA19C290A7C940084A4D2 /* LocalFeedLoader.swift in Sources */ = {isa = PBXBuildFile; fileRef = 0D6BA19B290A7C940084A4D2 /* LocalFeedLoader.swift */; };
		0D6BA19E290A7D460084A4D2 /* FeedStore.swift in Sources */ = {isa = PBXBuildFile; fileRef = 0D6BA19D290A7D460084A4D2 /* FeedStore.swift */; };
		0D6E30BC28E7362100749EDF /* LoadFeedFromRemoteUseCaseTests.swift in Sources */ = {isa = PBXBuildFile; fileRef = 0D6E30BB28E7362100749EDF /* LoadFeedFromRemoteUseCaseTests.swift */; };
		0D6E30C028E7D44A00749EDF /* RemoteFeedLoader.swift in Sources */ = {isa = PBXBuildFile; fileRef = 0D6E30BF28E7D44A00749EDF /* RemoteFeedLoader.swift */; };
		0DB1798028F1B758004F6F94 /* HTTPClient.swift in Sources */ = {isa = PBXBuildFile; fileRef = 0DB1797F28F1B758004F6F94 /* HTTPClient.swift */; };
		0DB1798228F1B7CA004F6F94 /* FeedItemsMapper.swift in Sources */ = {isa = PBXBuildFile; fileRef = 0DB1798128F1B7CA004F6F94 /* FeedItemsMapper.swift */; };
		0DB1798A28F5B5FA004F6F94 /* URLSessionHTTPClientTests.swift in Sources */ = {isa = PBXBuildFile; fileRef = 0DB1798928F5B5FA004F6F94 /* URLSessionHTTPClientTests.swift */; };
		0DEF28D32910241F004A9689 /* RemoteFeedItem.swift in Sources */ = {isa = PBXBuildFile; fileRef = 0DEF28D22910241F004A9689 /* RemoteFeedItem.swift */; };
		0DF0ED4A28E5EB100086DD28 /* EssentialFeed.docc in Sources */ = {isa = PBXBuildFile; fileRef = 0DF0ED4928E5EB100086DD28 /* EssentialFeed.docc */; };
		0DF0ED5028E5EB100086DD28 /* EssentialFeed.framework in Frameworks */ = {isa = PBXBuildFile; fileRef = 0DF0ED4528E5EB100086DD28 /* EssentialFeed.framework */; };
		0DF0ED5628E5EB100086DD28 /* EssentialFeed.h in Headers */ = {isa = PBXBuildFile; fileRef = 0DF0ED4828E5EB100086DD28 /* EssentialFeed.h */; settings = {ATTRIBUTES = (Public, ); }; };
		0DF0ED6028E5EB760086DD28 /* FeedItem.swift in Sources */ = {isa = PBXBuildFile; fileRef = 0DF0ED5F28E5EB760086DD28 /* FeedItem.swift */; };
		0DF0ED6228E5EDA40086DD28 /* FeedLoader.swift in Sources */ = {isa = PBXBuildFile; fileRef = 0DF0ED6128E5EDA40086DD28 /* FeedLoader.swift */; };
/* End PBXBuildFile section */

/* Begin PBXContainerItemProxy section */
		0D0174AC28FD9E0E005DECC3 /* PBXContainerItemProxy */ = {
			isa = PBXContainerItemProxy;
			containerPortal = 0DF0ED3C28E5EB100086DD28 /* Project object */;
			proxyType = 1;
			remoteGlobalIDString = 0DF0ED4428E5EB100086DD28;
			remoteInfo = EssentialFeed;
		};
		0DF0ED5128E5EB100086DD28 /* PBXContainerItemProxy */ = {
			isa = PBXContainerItemProxy;
			containerPortal = 0DF0ED3C28E5EB100086DD28 /* Project object */;
			proxyType = 1;
			remoteGlobalIDString = 0DF0ED4428E5EB100086DD28;
			remoteInfo = EssentialFeed;
		};
/* End PBXContainerItemProxy section */

/* Begin PBXFileReference section */
		0D0174A728FD9E0E005DECC3 /* EssentialFeedAPIEndToEndTests.xctest */ = {isa = PBXFileReference; explicitFileType = wrapper.cfbundle; includeInIndex = 0; path = EssentialFeedAPIEndToEndTests.xctest; sourceTree = BUILT_PRODUCTS_DIR; };
		0D0174A928FD9E0E005DECC3 /* EssentialFeedAPIEndToEndTests.swift */ = {isa = PBXFileReference; lastKnownFileType = sourcecode.swift; path = EssentialFeedAPIEndToEndTests.swift; sourceTree = "<group>"; };
		0D4D3CC92902DFE400D8CA4B /* CacheFeedUseCaseTests.swift */ = {isa = PBXFileReference; lastKnownFileType = sourcecode.swift; path = CacheFeedUseCaseTests.swift; sourceTree = "<group>"; };
		0D5CA1F628F8653A00D664B4 /* XCTestCase+MemoryLeakTracking.swift */ = {isa = PBXFileReference; lastKnownFileType = sourcecode.swift; path = "XCTestCase+MemoryLeakTracking.swift"; sourceTree = "<group>"; };
		0D5CA20028F9C7B500D664B4 /* URLSessionHTTPClient.swift */ = {isa = PBXFileReference; lastKnownFileType = sourcecode.swift; path = URLSessionHTTPClient.swift; sourceTree = "<group>"; };
		0D6BA19B290A7C940084A4D2 /* LocalFeedLoader.swift */ = {isa = PBXFileReference; lastKnownFileType = sourcecode.swift; path = LocalFeedLoader.swift; sourceTree = "<group>"; };
		0D6BA19D290A7D460084A4D2 /* FeedStore.swift */ = {isa = PBXFileReference; lastKnownFileType = sourcecode.swift; path = FeedStore.swift; sourceTree = "<group>"; };
		0D6E30BB28E7362100749EDF /* LoadFeedFromRemoteUseCaseTests.swift */ = {isa = PBXFileReference; lastKnownFileType = sourcecode.swift; path = LoadFeedFromRemoteUseCaseTests.swift; sourceTree = "<group>"; };
		0D6E30BF28E7D44A00749EDF /* RemoteFeedLoader.swift */ = {isa = PBXFileReference; lastKnownFileType = sourcecode.swift; path = RemoteFeedLoader.swift; sourceTree = "<group>"; };
		0DB1797F28F1B758004F6F94 /* HTTPClient.swift */ = {isa = PBXFileReference; lastKnownFileType = sourcecode.swift; path = HTTPClient.swift; sourceTree = "<group>"; };
		0DB1798128F1B7CA004F6F94 /* FeedItemsMapper.swift */ = {isa = PBXFileReference; lastKnownFileType = sourcecode.swift; path = FeedItemsMapper.swift; sourceTree = "<group>"; };
		0DB1798928F5B5FA004F6F94 /* URLSessionHTTPClientTests.swift */ = {isa = PBXFileReference; lastKnownFileType = sourcecode.swift; path = URLSessionHTTPClientTests.swift; sourceTree = "<group>"; };
		0DEF28D22910241F004A9689 /* RemoteFeedItem.swift */ = {isa = PBXFileReference; lastKnownFileType = sourcecode.swift; path = RemoteFeedItem.swift; sourceTree = "<group>"; };
		0DF0ED4528E5EB100086DD28 /* EssentialFeed.framework */ = {isa = PBXFileReference; explicitFileType = wrapper.framework; includeInIndex = 0; path = EssentialFeed.framework; sourceTree = BUILT_PRODUCTS_DIR; };
		0DF0ED4828E5EB100086DD28 /* EssentialFeed.h */ = {isa = PBXFileReference; lastKnownFileType = sourcecode.c.h; path = EssentialFeed.h; sourceTree = "<group>"; };
		0DF0ED4928E5EB100086DD28 /* EssentialFeed.docc */ = {isa = PBXFileReference; lastKnownFileType = folder.documentationcatalog; path = EssentialFeed.docc; sourceTree = "<group>"; };
		0DF0ED4F28E5EB100086DD28 /* EssentialFeedTests.xctest */ = {isa = PBXFileReference; explicitFileType = wrapper.cfbundle; includeInIndex = 0; path = EssentialFeedTests.xctest; sourceTree = BUILT_PRODUCTS_DIR; };
		0DF0ED5F28E5EB760086DD28 /* FeedItem.swift */ = {isa = PBXFileReference; lastKnownFileType = sourcecode.swift; path = FeedItem.swift; sourceTree = "<group>"; };
		0DF0ED6128E5EDA40086DD28 /* FeedLoader.swift */ = {isa = PBXFileReference; lastKnownFileType = sourcecode.swift; path = FeedLoader.swift; sourceTree = "<group>"; };
/* End PBXFileReference section */

/* Begin PBXFrameworksBuildPhase section */
		0D0174A428FD9E0E005DECC3 /* Frameworks */ = {
			isa = PBXFrameworksBuildPhase;
			buildActionMask = 2147483647;
			files = (
				0D0174AB28FD9E0E005DECC3 /* EssentialFeed.framework in Frameworks */,
			);
			runOnlyForDeploymentPostprocessing = 0;
		};
		0DF0ED4228E5EB100086DD28 /* Frameworks */ = {
			isa = PBXFrameworksBuildPhase;
			buildActionMask = 2147483647;
			files = (
			);
			runOnlyForDeploymentPostprocessing = 0;
		};
		0DF0ED4C28E5EB100086DD28 /* Frameworks */ = {
			isa = PBXFrameworksBuildPhase;
			buildActionMask = 2147483647;
			files = (
				0DF0ED5028E5EB100086DD28 /* EssentialFeed.framework in Frameworks */,
			);
			runOnlyForDeploymentPostprocessing = 0;
		};
/* End PBXFrameworksBuildPhase section */

/* Begin PBXGroup section */
		0D0174A828FD9E0E005DECC3 /* EssentialFeedAPIEndToEndTests */ = {
			isa = PBXGroup;
			children = (
				0D0174A928FD9E0E005DECC3 /* EssentialFeedAPIEndToEndTests.swift */,
			);
			path = EssentialFeedAPIEndToEndTests;
			sourceTree = "<group>";
		};
		0D4D3CC82902DFD000D8CA4B /* Feed Cache */ = {
			isa = PBXGroup;
			children = (
				0D4D3CC92902DFE400D8CA4B /* CacheFeedUseCaseTests.swift */,
			);
			path = "Feed Cache";
			sourceTree = "<group>";
		};
		0D5CA1F528F8651E00D664B4 /* Helper */ = {
			isa = PBXGroup;
			children = (
				0D5CA1F628F8653A00D664B4 /* XCTestCase+MemoryLeakTracking.swift */,
			);
			path = Helper;
			sourceTree = "<group>";
		};
		0D6BA19A290A7C830084A4D2 /* Feed Cache */ = {
			isa = PBXGroup;
			children = (
				0D6BA19B290A7C940084A4D2 /* LocalFeedLoader.swift */,
				0D6BA19D290A7D460084A4D2 /* FeedStore.swift */,
			);
			path = "Feed Cache";
			sourceTree = "<group>";
		};
		0D6E30BE28E7D43500749EDF /* Feed API */ = {
			isa = PBXGroup;
			children = (
				0D6E30BF28E7D44A00749EDF /* RemoteFeedLoader.swift */,
				0DB1797F28F1B758004F6F94 /* HTTPClient.swift */,
				0DB1798128F1B7CA004F6F94 /* FeedItemsMapper.swift */,
				0D5CA20028F9C7B500D664B4 /* URLSessionHTTPClient.swift */,
				0DEF28D22910241F004A9689 /* RemoteFeedItem.swift */,
			);
			path = "Feed API";
			sourceTree = "<group>";
		};
		0DB1798328F1BEB1004F6F94 /* Feed API */ = {
			isa = PBXGroup;
			children = (
				0D6E30BB28E7362100749EDF /* LoadFeedFromRemoteUseCaseTests.swift */,
				0DB1798928F5B5FA004F6F94 /* URLSessionHTTPClientTests.swift */,
			);
			path = "Feed API";
			sourceTree = "<group>";
		};
		0DF0ED3B28E5EB100086DD28 = {
			isa = PBXGroup;
			children = (
				0DF0ED4728E5EB100086DD28 /* EssentialFeed */,
				0DF0ED5328E5EB100086DD28 /* EssentialFeedTests */,
				0D0174A828FD9E0E005DECC3 /* EssentialFeedAPIEndToEndTests */,
				0DF0ED4628E5EB100086DD28 /* Products */,
			);
			sourceTree = "<group>";
		};
		0DF0ED4628E5EB100086DD28 /* Products */ = {
			isa = PBXGroup;
			children = (
				0DF0ED4528E5EB100086DD28 /* EssentialFeed.framework */,
				0DF0ED4F28E5EB100086DD28 /* EssentialFeedTests.xctest */,
				0D0174A728FD9E0E005DECC3 /* EssentialFeedAPIEndToEndTests.xctest */,
			);
			name = Products;
			sourceTree = "<group>";
		};
		0DF0ED4728E5EB100086DD28 /* EssentialFeed */ = {
			isa = PBXGroup;
			children = (
				0D6BA19A290A7C830084A4D2 /* Feed Cache */,
				0DF0ED6328E5EE510086DD28 /* Feed Feature */,
				0D6E30BE28E7D43500749EDF /* Feed API */,
				0DF0ED4828E5EB100086DD28 /* EssentialFeed.h */,
				0DF0ED4928E5EB100086DD28 /* EssentialFeed.docc */,
			);
			path = EssentialFeed;
			sourceTree = "<group>";
		};
		0DF0ED5328E5EB100086DD28 /* EssentialFeedTests */ = {
			isa = PBXGroup;
			children = (
				0D5CA1F528F8651E00D664B4 /* Helper */,
				0D4D3CC82902DFD000D8CA4B /* Feed Cache */,
				0DB1798328F1BEB1004F6F94 /* Feed API */,
			);
			path = EssentialFeedTests;
			sourceTree = "<group>";
		};
		0DF0ED6328E5EE510086DD28 /* Feed Feature */ = {
			isa = PBXGroup;
			children = (
				0DF0ED5F28E5EB760086DD28 /* FeedItem.swift */,
				0DF0ED6128E5EDA40086DD28 /* FeedLoader.swift */,
			);
			path = "Feed Feature";
			sourceTree = "<group>";
		};
/* End PBXGroup section */

/* Begin PBXHeadersBuildPhase section */
		0DF0ED4028E5EB100086DD28 /* Headers */ = {
			isa = PBXHeadersBuildPhase;
			buildActionMask = 2147483647;
			files = (
				0DF0ED5628E5EB100086DD28 /* EssentialFeed.h in Headers */,
			);
			runOnlyForDeploymentPostprocessing = 0;
		};
/* End PBXHeadersBuildPhase section */

/* Begin PBXNativeTarget section */
		0D0174A628FD9E0E005DECC3 /* EssentialFeedAPIEndToEndTests */ = {
			isa = PBXNativeTarget;
			buildConfigurationList = 0D0174B028FD9E0E005DECC3 /* Build configuration list for PBXNativeTarget "EssentialFeedAPIEndToEndTests" */;
			buildPhases = (
				0D0174A328FD9E0E005DECC3 /* Sources */,
				0D0174A428FD9E0E005DECC3 /* Frameworks */,
				0D0174A528FD9E0E005DECC3 /* Resources */,
			);
			buildRules = (
			);
			dependencies = (
				0D0174AD28FD9E0E005DECC3 /* PBXTargetDependency */,
			);
			name = EssentialFeedAPIEndToEndTests;
			productName = EssentialFeedAPIEndToEndTests;
			productReference = 0D0174A728FD9E0E005DECC3 /* EssentialFeedAPIEndToEndTests.xctest */;
			productType = "com.apple.product-type.bundle.unit-test";
		};
		0DF0ED4428E5EB100086DD28 /* EssentialFeed */ = {
			isa = PBXNativeTarget;
			buildConfigurationList = 0DF0ED5928E5EB100086DD28 /* Build configuration list for PBXNativeTarget "EssentialFeed" */;
			buildPhases = (
				0DF0ED4028E5EB100086DD28 /* Headers */,
				0DF0ED4128E5EB100086DD28 /* Sources */,
				0DF0ED4228E5EB100086DD28 /* Frameworks */,
				0DF0ED4328E5EB100086DD28 /* Resources */,
			);
			buildRules = (
			);
			dependencies = (
			);
			name = EssentialFeed;
			productName = EssentialFeed;
			productReference = 0DF0ED4528E5EB100086DD28 /* EssentialFeed.framework */;
			productType = "com.apple.product-type.framework";
		};
		0DF0ED4E28E5EB100086DD28 /* EssentialFeedTests */ = {
			isa = PBXNativeTarget;
			buildConfigurationList = 0DF0ED5C28E5EB100086DD28 /* Build configuration list for PBXNativeTarget "EssentialFeedTests" */;
			buildPhases = (
				0DF0ED4B28E5EB100086DD28 /* Sources */,
				0DF0ED4C28E5EB100086DD28 /* Frameworks */,
				0DF0ED4D28E5EB100086DD28 /* Resources */,
			);
			buildRules = (
			);
			dependencies = (
				0DF0ED5228E5EB100086DD28 /* PBXTargetDependency */,
			);
			name = EssentialFeedTests;
			productName = EssentialFeedTests;
			productReference = 0DF0ED4F28E5EB100086DD28 /* EssentialFeedTests.xctest */;
			productType = "com.apple.product-type.bundle.unit-test";
		};
/* End PBXNativeTarget section */

/* Begin PBXProject section */
		0DF0ED3C28E5EB100086DD28 /* Project object */ = {
			isa = PBXProject;
			attributes = {
				BuildIndependentTargetsInParallel = 1;
				LastSwiftUpdateCheck = 1400;
				LastUpgradeCheck = 1400;
				TargetAttributes = {
					0D0174A628FD9E0E005DECC3 = {
						CreatedOnToolsVersion = 14.0;
					};
					0DF0ED4428E5EB100086DD28 = {
						CreatedOnToolsVersion = 14.0;
					};
					0DF0ED4E28E5EB100086DD28 = {
						CreatedOnToolsVersion = 14.0;
					};
				};
			};
			buildConfigurationList = 0DF0ED3F28E5EB100086DD28 /* Build configuration list for PBXProject "EssentialFeed" */;
			compatibilityVersion = "Xcode 14.0";
			developmentRegion = en;
			hasScannedForEncodings = 0;
			knownRegions = (
				en,
				Base,
			);
			mainGroup = 0DF0ED3B28E5EB100086DD28;
			productRefGroup = 0DF0ED4628E5EB100086DD28 /* Products */;
			projectDirPath = "";
			projectRoot = "";
			targets = (
				0DF0ED4428E5EB100086DD28 /* EssentialFeed */,
				0DF0ED4E28E5EB100086DD28 /* EssentialFeedTests */,
				0D0174A628FD9E0E005DECC3 /* EssentialFeedAPIEndToEndTests */,
			);
		};
/* End PBXProject section */

/* Begin PBXResourcesBuildPhase section */
		0D0174A528FD9E0E005DECC3 /* Resources */ = {
			isa = PBXResourcesBuildPhase;
			buildActionMask = 2147483647;
			files = (
			);
			runOnlyForDeploymentPostprocessing = 0;
		};
		0DF0ED4328E5EB100086DD28 /* Resources */ = {
			isa = PBXResourcesBuildPhase;
			buildActionMask = 2147483647;
			files = (
			);
			runOnlyForDeploymentPostprocessing = 0;
		};
		0DF0ED4D28E5EB100086DD28 /* Resources */ = {
			isa = PBXResourcesBuildPhase;
			buildActionMask = 2147483647;
			files = (
			);
			runOnlyForDeploymentPostprocessing = 0;
		};
/* End PBXResourcesBuildPhase section */

/* Begin PBXSourcesBuildPhase section */
		0D0174A328FD9E0E005DECC3 /* Sources */ = {
			isa = PBXSourcesBuildPhase;
			buildActionMask = 2147483647;
			files = (
				0D0174AA28FD9E0E005DECC3 /* EssentialFeedAPIEndToEndTests.swift in Sources */,
				0D0174B128FDA893005DECC3 /* XCTestCase+MemoryLeakTracking.swift in Sources */,
			);
			runOnlyForDeploymentPostprocessing = 0;
		};
		0DF0ED4128E5EB100086DD28 /* Sources */ = {
			isa = PBXSourcesBuildPhase;
			buildActionMask = 2147483647;
			files = (
				0D6BA19E290A7D460084A4D2 /* FeedStore.swift in Sources */,
				0D5CA20128F9C7B500D664B4 /* URLSessionHTTPClient.swift in Sources */,
				0D6E30C028E7D44A00749EDF /* RemoteFeedLoader.swift in Sources */,
				0DB1798028F1B758004F6F94 /* HTTPClient.swift in Sources */,
				0DF0ED6228E5EDA40086DD28 /* FeedLoader.swift in Sources */,
				0DB1798228F1B7CA004F6F94 /* FeedItemsMapper.swift in Sources */,
				0DEF28D32910241F004A9689 /* RemoteFeedItem.swift in Sources */,
				0DF0ED6028E5EB760086DD28 /* FeedItem.swift in Sources */,
				0D6BA19C290A7C940084A4D2 /* LocalFeedLoader.swift in Sources */,
				0DF0ED4A28E5EB100086DD28 /* EssentialFeed.docc in Sources */,
			);
			runOnlyForDeploymentPostprocessing = 0;
		};
		0DF0ED4B28E5EB100086DD28 /* Sources */ = {
			isa = PBXSourcesBuildPhase;
			buildActionMask = 2147483647;
			files = (
				0D6E30BC28E7362100749EDF /* LoadFeedFromRemoteUseCaseTests.swift in Sources */,
				0D5CA1F728F8653A00D664B4 /* XCTestCase+MemoryLeakTracking.swift in Sources */,
				0D4D3CCA2902DFE400D8CA4B /* CacheFeedUseCaseTests.swift in Sources */,
				0DB1798A28F5B5FA004F6F94 /* URLSessionHTTPClientTests.swift in Sources */,
			);
			runOnlyForDeploymentPostprocessing = 0;
		};
/* End PBXSourcesBuildPhase section */

/* Begin PBXTargetDependency section */
		0D0174AD28FD9E0E005DECC3 /* PBXTargetDependency */ = {
			isa = PBXTargetDependency;
			target = 0DF0ED4428E5EB100086DD28 /* EssentialFeed */;
			targetProxy = 0D0174AC28FD9E0E005DECC3 /* PBXContainerItemProxy */;
		};
		0DF0ED5228E5EB100086DD28 /* PBXTargetDependency */ = {
			isa = PBXTargetDependency;
			target = 0DF0ED4428E5EB100086DD28 /* EssentialFeed */;
			targetProxy = 0DF0ED5128E5EB100086DD28 /* PBXContainerItemProxy */;
		};
/* End PBXTargetDependency section */

/* Begin XCBuildConfiguration section */
		0D0174AE28FD9E0E005DECC3 /* Debug */ = {
			isa = XCBuildConfiguration;
			buildSettings = {
				CODE_SIGN_STYLE = Automatic;
				CURRENT_PROJECT_VERSION = 1;
				DEVELOPMENT_TEAM = 5H589R53ZA;
				GENERATE_INFOPLIST_FILE = YES;
				MARKETING_VERSION = 1.0;
				PRODUCT_BUNDLE_IDENTIFIER = "essential-developer.EssentialFeedAPIEndToEndTests";
				PRODUCT_NAME = "$(TARGET_NAME)";
				SWIFT_EMIT_LOC_STRINGS = NO;
				SWIFT_VERSION = 5.0;
			};
			name = Debug;
		};
		0D0174AF28FD9E0E005DECC3 /* Release */ = {
			isa = XCBuildConfiguration;
			buildSettings = {
				CODE_SIGN_STYLE = Automatic;
				CURRENT_PROJECT_VERSION = 1;
				DEVELOPMENT_TEAM = 5H589R53ZA;
				GENERATE_INFOPLIST_FILE = YES;
				MARKETING_VERSION = 1.0;
				PRODUCT_BUNDLE_IDENTIFIER = "essential-developer.EssentialFeedAPIEndToEndTests";
				PRODUCT_NAME = "$(TARGET_NAME)";
				SWIFT_EMIT_LOC_STRINGS = NO;
				SWIFT_VERSION = 5.0;
			};
			name = Release;
		};
		0DF0ED5728E5EB100086DD28 /* Debug */ = {
			isa = XCBuildConfiguration;
			buildSettings = {
				ALWAYS_SEARCH_USER_PATHS = NO;
				CLANG_ANALYZER_NONNULL = YES;
				CLANG_ANALYZER_NUMBER_OBJECT_CONVERSION = YES_AGGRESSIVE;
				CLANG_CXX_LANGUAGE_STANDARD = "gnu++20";
				CLANG_ENABLE_MODULES = YES;
				CLANG_ENABLE_OBJC_ARC = YES;
				CLANG_ENABLE_OBJC_WEAK = YES;
				CLANG_WARN_BLOCK_CAPTURE_AUTORELEASING = YES;
				CLANG_WARN_BOOL_CONVERSION = YES;
				CLANG_WARN_COMMA = YES;
				CLANG_WARN_CONSTANT_CONVERSION = YES;
				CLANG_WARN_DEPRECATED_OBJC_IMPLEMENTATIONS = YES;
				CLANG_WARN_DIRECT_OBJC_ISA_USAGE = YES_ERROR;
				CLANG_WARN_DOCUMENTATION_COMMENTS = YES;
				CLANG_WARN_EMPTY_BODY = YES;
				CLANG_WARN_ENUM_CONVERSION = YES;
				CLANG_WARN_INFINITE_RECURSION = YES;
				CLANG_WARN_INT_CONVERSION = YES;
				CLANG_WARN_NON_LITERAL_NULL_CONVERSION = YES;
				CLANG_WARN_OBJC_IMPLICIT_RETAIN_SELF = YES;
				CLANG_WARN_OBJC_LITERAL_CONVERSION = YES;
				CLANG_WARN_OBJC_ROOT_CLASS = YES_ERROR;
				CLANG_WARN_QUOTED_INCLUDE_IN_FRAMEWORK_HEADER = YES;
				CLANG_WARN_RANGE_LOOP_ANALYSIS = YES;
				CLANG_WARN_STRICT_PROTOTYPES = YES;
				CLANG_WARN_SUSPICIOUS_MOVE = YES;
				CLANG_WARN_UNGUARDED_AVAILABILITY = YES_AGGRESSIVE;
				CLANG_WARN_UNREACHABLE_CODE = YES;
				CLANG_WARN__DUPLICATE_METHOD_MATCH = YES;
				COPY_PHASE_STRIP = NO;
				CURRENT_PROJECT_VERSION = 1;
				DEBUG_INFORMATION_FORMAT = dwarf;
				ENABLE_STRICT_OBJC_MSGSEND = YES;
				ENABLE_TESTABILITY = YES;
				GCC_C_LANGUAGE_STANDARD = gnu11;
				GCC_DYNAMIC_NO_PIC = NO;
				GCC_NO_COMMON_BLOCKS = YES;
				GCC_OPTIMIZATION_LEVEL = 0;
				GCC_PREPROCESSOR_DEFINITIONS = (
					"DEBUG=1",
					"$(inherited)",
				);
				GCC_WARN_64_TO_32_BIT_CONVERSION = YES;
				GCC_WARN_ABOUT_RETURN_TYPE = YES_ERROR;
				GCC_WARN_UNDECLARED_SELECTOR = YES;
				GCC_WARN_UNINITIALIZED_AUTOS = YES_AGGRESSIVE;
				GCC_WARN_UNUSED_FUNCTION = YES;
				GCC_WARN_UNUSED_VARIABLE = YES;
				MACOSX_DEPLOYMENT_TARGET = 12.3;
				MTL_ENABLE_DEBUG_INFO = INCLUDE_SOURCE;
				MTL_FAST_MATH = YES;
				ONLY_ACTIVE_ARCH = YES;
				SDKROOT = macosx;
				SWIFT_ACTIVE_COMPILATION_CONDITIONS = DEBUG;
				SWIFT_OPTIMIZATION_LEVEL = "-Onone";
				VERSIONING_SYSTEM = "apple-generic";
				VERSION_INFO_PREFIX = "";
			};
			name = Debug;
		};
		0DF0ED5828E5EB100086DD28 /* Release */ = {
			isa = XCBuildConfiguration;
			buildSettings = {
				ALWAYS_SEARCH_USER_PATHS = NO;
				CLANG_ANALYZER_NONNULL = YES;
				CLANG_ANALYZER_NUMBER_OBJECT_CONVERSION = YES_AGGRESSIVE;
				CLANG_CXX_LANGUAGE_STANDARD = "gnu++20";
				CLANG_ENABLE_MODULES = YES;
				CLANG_ENABLE_OBJC_ARC = YES;
				CLANG_ENABLE_OBJC_WEAK = YES;
				CLANG_WARN_BLOCK_CAPTURE_AUTORELEASING = YES;
				CLANG_WARN_BOOL_CONVERSION = YES;
				CLANG_WARN_COMMA = YES;
				CLANG_WARN_CONSTANT_CONVERSION = YES;
				CLANG_WARN_DEPRECATED_OBJC_IMPLEMENTATIONS = YES;
				CLANG_WARN_DIRECT_OBJC_ISA_USAGE = YES_ERROR;
				CLANG_WARN_DOCUMENTATION_COMMENTS = YES;
				CLANG_WARN_EMPTY_BODY = YES;
				CLANG_WARN_ENUM_CONVERSION = YES;
				CLANG_WARN_INFINITE_RECURSION = YES;
				CLANG_WARN_INT_CONVERSION = YES;
				CLANG_WARN_NON_LITERAL_NULL_CONVERSION = YES;
				CLANG_WARN_OBJC_IMPLICIT_RETAIN_SELF = YES;
				CLANG_WARN_OBJC_LITERAL_CONVERSION = YES;
				CLANG_WARN_OBJC_ROOT_CLASS = YES_ERROR;
				CLANG_WARN_QUOTED_INCLUDE_IN_FRAMEWORK_HEADER = YES;
				CLANG_WARN_RANGE_LOOP_ANALYSIS = YES;
				CLANG_WARN_STRICT_PROTOTYPES = YES;
				CLANG_WARN_SUSPICIOUS_MOVE = YES;
				CLANG_WARN_UNGUARDED_AVAILABILITY = YES_AGGRESSIVE;
				CLANG_WARN_UNREACHABLE_CODE = YES;
				CLANG_WARN__DUPLICATE_METHOD_MATCH = YES;
				COPY_PHASE_STRIP = NO;
				CURRENT_PROJECT_VERSION = 1;
				DEBUG_INFORMATION_FORMAT = "dwarf-with-dsym";
				ENABLE_NS_ASSERTIONS = NO;
				ENABLE_STRICT_OBJC_MSGSEND = YES;
				GCC_C_LANGUAGE_STANDARD = gnu11;
				GCC_NO_COMMON_BLOCKS = YES;
				GCC_WARN_64_TO_32_BIT_CONVERSION = YES;
				GCC_WARN_ABOUT_RETURN_TYPE = YES_ERROR;
				GCC_WARN_UNDECLARED_SELECTOR = YES;
				GCC_WARN_UNINITIALIZED_AUTOS = YES_AGGRESSIVE;
				GCC_WARN_UNUSED_FUNCTION = YES;
				GCC_WARN_UNUSED_VARIABLE = YES;
				MACOSX_DEPLOYMENT_TARGET = 12.3;
				MTL_ENABLE_DEBUG_INFO = NO;
				MTL_FAST_MATH = YES;
				SDKROOT = macosx;
				SWIFT_COMPILATION_MODE = wholemodule;
				SWIFT_OPTIMIZATION_LEVEL = "-O";
				VERSIONING_SYSTEM = "apple-generic";
				VERSION_INFO_PREFIX = "";
			};
			name = Release;
		};
		0DF0ED5A28E5EB100086DD28 /* Debug */ = {
			isa = XCBuildConfiguration;
			buildSettings = {
				CODE_SIGN_STYLE = Automatic;
				COMBINE_HIDPI_IMAGES = YES;
				CURRENT_PROJECT_VERSION = 1;
				DEFINES_MODULE = YES;
				DYLIB_COMPATIBILITY_VERSION = 1;
				DYLIB_CURRENT_VERSION = 1;
				DYLIB_INSTALL_NAME_BASE = "@rpath";
				GENERATE_INFOPLIST_FILE = YES;
				INFOPLIST_KEY_NSHumanReadableCopyright = "";
				INSTALL_PATH = "$(LOCAL_LIBRARY_DIR)/Frameworks";
				LD_RUNPATH_SEARCH_PATHS = (
					"$(inherited)",
					"@executable_path/../Frameworks",
					"@loader_path/Frameworks",
				);
				MARKETING_VERSION = 1.0;
				PRODUCT_BUNDLE_IDENTIFIER = "essential-developer.EssentialFeed";
				PRODUCT_NAME = "$(TARGET_NAME:c99extidentifier)";
				SKIP_INSTALL = YES;
				SWIFT_EMIT_LOC_STRINGS = YES;
				SWIFT_VERSION = 5.0;
			};
			name = Debug;
		};
		0DF0ED5B28E5EB100086DD28 /* Release */ = {
			isa = XCBuildConfiguration;
			buildSettings = {
				CODE_SIGN_STYLE = Automatic;
				COMBINE_HIDPI_IMAGES = YES;
				CURRENT_PROJECT_VERSION = 1;
				DEFINES_MODULE = YES;
				DYLIB_COMPATIBILITY_VERSION = 1;
				DYLIB_CURRENT_VERSION = 1;
				DYLIB_INSTALL_NAME_BASE = "@rpath";
				GENERATE_INFOPLIST_FILE = YES;
				INFOPLIST_KEY_NSHumanReadableCopyright = "";
				INSTALL_PATH = "$(LOCAL_LIBRARY_DIR)/Frameworks";
				LD_RUNPATH_SEARCH_PATHS = (
					"$(inherited)",
					"@executable_path/../Frameworks",
					"@loader_path/Frameworks",
				);
				MARKETING_VERSION = 1.0;
				PRODUCT_BUNDLE_IDENTIFIER = "essential-developer.EssentialFeed";
				PRODUCT_NAME = "$(TARGET_NAME:c99extidentifier)";
				SKIP_INSTALL = YES;
				SWIFT_EMIT_LOC_STRINGS = YES;
				SWIFT_VERSION = 5.0;
			};
			name = Release;
		};
		0DF0ED5D28E5EB100086DD28 /* Debug */ = {
			isa = XCBuildConfiguration;
			buildSettings = {
				ALWAYS_EMBED_SWIFT_STANDARD_LIBRARIES = YES;
				CODE_SIGN_STYLE = Automatic;
				CURRENT_PROJECT_VERSION = 1;
				GENERATE_INFOPLIST_FILE = YES;
				MARKETING_VERSION = 1.0;
				PRODUCT_BUNDLE_IDENTIFIER = "essential-developer.EssentialFeedTests";
				PRODUCT_NAME = "$(TARGET_NAME)";
				SWIFT_EMIT_LOC_STRINGS = NO;
				SWIFT_VERSION = 5.0;
			};
			name = Debug;
		};
		0DF0ED5E28E5EB100086DD28 /* Release */ = {
			isa = XCBuildConfiguration;
			buildSettings = {
				ALWAYS_EMBED_SWIFT_STANDARD_LIBRARIES = YES;
				CODE_SIGN_STYLE = Automatic;
				CURRENT_PROJECT_VERSION = 1;
				GENERATE_INFOPLIST_FILE = YES;
				MARKETING_VERSION = 1.0;
				PRODUCT_BUNDLE_IDENTIFIER = "essential-developer.EssentialFeedTests";
				PRODUCT_NAME = "$(TARGET_NAME)";
				SWIFT_EMIT_LOC_STRINGS = NO;
				SWIFT_VERSION = 5.0;
			};
			name = Release;
		};
/* End XCBuildConfiguration section */

/* Begin XCConfigurationList section */
		0D0174B028FD9E0E005DECC3 /* Build configuration list for PBXNativeTarget "EssentialFeedAPIEndToEndTests" */ = {
			isa = XCConfigurationList;
			buildConfigurations = (
				0D0174AE28FD9E0E005DECC3 /* Debug */,
				0D0174AF28FD9E0E005DECC3 /* Release */,
			);
			defaultConfigurationIsVisible = 0;
			defaultConfigurationName = Release;
		};
		0DF0ED3F28E5EB100086DD28 /* Build configuration list for PBXProject "EssentialFeed" */ = {
			isa = XCConfigurationList;
			buildConfigurations = (
				0DF0ED5728E5EB100086DD28 /* Debug */,
				0DF0ED5828E5EB100086DD28 /* Release */,
			);
			defaultConfigurationIsVisible = 0;
			defaultConfigurationName = Release;
		};
		0DF0ED5928E5EB100086DD28 /* Build configuration list for PBXNativeTarget "EssentialFeed" */ = {
			isa = XCConfigurationList;
			buildConfigurations = (
				0DF0ED5A28E5EB100086DD28 /* Debug */,
				0DF0ED5B28E5EB100086DD28 /* Release */,
			);
			defaultConfigurationIsVisible = 0;
			defaultConfigurationName = Release;
		};
		0DF0ED5C28E5EB100086DD28 /* Build configuration list for PBXNativeTarget "EssentialFeedTests" */ = {
			isa = XCConfigurationList;
			buildConfigurations = (
				0DF0ED5D28E5EB100086DD28 /* Debug */,
				0DF0ED5E28E5EB100086DD28 /* Release */,
			);
			defaultConfigurationIsVisible = 0;
			defaultConfigurationName = Release;
		};
/* End XCConfigurationList section */
	};
	rootObject = 0DF0ED3C28E5EB100086DD28 /* Project object */;
}
