// !$*UTF8*$!
{
	archiveVersion = 1;
	classes = {
	};
	objectVersion = 56;
	objects = {

/* Begin PBXBuildFile section */
		0D1FB9C92A965886003B3EAD /* FeedLoaderCacheDecoratorTests.swift in Sources */ = {isa = PBXBuildFile; fileRef = 0D1FB9C82A965886003B3EAD /* FeedLoaderCacheDecoratorTests.swift */; };
		0D1FB9CB2A965B05003B3EAD /* FeedLoaderStub.swift in Sources */ = {isa = PBXBuildFile; fileRef = 0D1FB9CA2A965B05003B3EAD /* FeedLoaderStub.swift */; };
		0D1FB9CD2A965C63003B3EAD /* XCTestCase+FeedLoader.swift in Sources */ = {isa = PBXBuildFile; fileRef = 0D1FB9CC2A965C63003B3EAD /* XCTestCase+FeedLoader.swift */; };
		0D1FB9D12A965F5F003B3EAD /* FeedLoaderCacheDecorator.swift in Sources */ = {isa = PBXBuildFile; fileRef = 0D1FB9D02A965F5F003B3EAD /* FeedLoaderCacheDecorator.swift */; };
		0D1FB9D32A965FF3003B3EAD /* FeedImageDataLoaderCacheDecoratorTests.swift in Sources */ = {isa = PBXBuildFile; fileRef = 0D1FB9D22A965FF3003B3EAD /* FeedImageDataLoaderCacheDecoratorTests.swift */; };
		0D1FB9D52A966088003B3EAD /* FeedImageDataLoaderSpy.swift in Sources */ = {isa = PBXBuildFile; fileRef = 0D1FB9D42A966088003B3EAD /* FeedImageDataLoaderSpy.swift */; };
		0D1FB9D72A966143003B3EAD /* XCTestCase+FeedImageDataLoader.swift in Sources */ = {isa = PBXBuildFile; fileRef = 0D1FB9D62A966143003B3EAD /* XCTestCase+FeedImageDataLoader.swift */; };
		0DB54C6F2A935BF10092A136 /* AppDelegate.swift in Sources */ = {isa = PBXBuildFile; fileRef = 0DB54C6E2A935BF10092A136 /* AppDelegate.swift */; };
		0DB54C712A935BF10092A136 /* SceneDelegate.swift in Sources */ = {isa = PBXBuildFile; fileRef = 0DB54C702A935BF10092A136 /* SceneDelegate.swift */; };
		0DB54C732A935BF10092A136 /* ViewController.swift in Sources */ = {isa = PBXBuildFile; fileRef = 0DB54C722A935BF10092A136 /* ViewController.swift */; };
		0DB54C762A935BF10092A136 /* Main.storyboard in Resources */ = {isa = PBXBuildFile; fileRef = 0DB54C742A935BF10092A136 /* Main.storyboard */; };
		0DB54C782A935BF20092A136 /* Assets.xcassets in Resources */ = {isa = PBXBuildFile; fileRef = 0DB54C772A935BF20092A136 /* Assets.xcassets */; };
		0DB54C7B2A935BF20092A136 /* LaunchScreen.storyboard in Resources */ = {isa = PBXBuildFile; fileRef = 0DB54C792A935BF20092A136 /* LaunchScreen.storyboard */; };
		0DB54CA82A9373CB0092A136 /* FeedLoaderWithFallbackCompositeTests.swift in Sources */ = {isa = PBXBuildFile; fileRef = 0DB54CA72A9373CB0092A136 /* FeedLoaderWithFallbackCompositeTests.swift */; };
		0DB54CAC2A9374820092A136 /* EssentialFeed.framework in Frameworks */ = {isa = PBXBuildFile; fileRef = 0DB54CAA2A9374820092A136 /* EssentialFeed.framework */; };
		0DB54CAD2A9374820092A136 /* EssentialFeed.framework in Embed Frameworks */ = {isa = PBXBuildFile; fileRef = 0DB54CAA2A9374820092A136 /* EssentialFeed.framework */; settings = {ATTRIBUTES = (CodeSignOnCopy, RemoveHeadersOnCopy, ); }; };
		0DB54CAE2A9374820092A136 /* EssentialFeediOS.framework in Frameworks */ = {isa = PBXBuildFile; fileRef = 0DB54CAB2A9374820092A136 /* EssentialFeediOS.framework */; };
		0DB54CAF2A9374820092A136 /* EssentialFeediOS.framework in Embed Frameworks */ = {isa = PBXBuildFile; fileRef = 0DB54CAB2A9374820092A136 /* EssentialFeediOS.framework */; settings = {ATTRIBUTES = (CodeSignOnCopy, RemoveHeadersOnCopy, ); }; };
		0DB54CB32A95049A0092A136 /* FeedLoaderWithFallbackComposite.swift in Sources */ = {isa = PBXBuildFile; fileRef = 0DB54CB22A95049A0092A136 /* FeedLoaderWithFallbackComposite.swift */; };
		0DB54CB52A9505140092A136 /* FeedImageDataLoaderWithFallbackCompositeTests.swift in Sources */ = {isa = PBXBuildFile; fileRef = 0DB54CB42A9505140092A136 /* FeedImageDataLoaderWithFallbackCompositeTests.swift */; };
		0DB54CB72A950AD90092A136 /* FeedImageDataLoaderWithFallbackComposite.swift in Sources */ = {isa = PBXBuildFile; fileRef = 0DB54CB62A950AD90092A136 /* FeedImageDataLoaderWithFallbackComposite.swift */; };
		0DB54CBA2A950BB00092A136 /* XCTestCase+MemoryLeakTracking.swift in Sources */ = {isa = PBXBuildFile; fileRef = 0DB54CB92A950BB00092A136 /* XCTestCase+MemoryLeakTracking.swift */; };
		0DB54CBC2A950CE10092A136 /* SharedTestHelpers.swift in Sources */ = {isa = PBXBuildFile; fileRef = 0DB54CBB2A950CE10092A136 /* SharedTestHelpers.swift */; };
		0DCA64F32AA092700066BC07 /* FeedAcceptanceTests.swift in Sources */ = {isa = PBXBuildFile; fileRef = 0DCA64F22AA092700066BC07 /* FeedAcceptanceTests.swift */; };
		0DDD03202A9E36570022DB8F /* FeedImageDataLoaderCacheDecorator.swift in Sources */ = {isa = PBXBuildFile; fileRef = 0DDD031F2A9E36570022DB8F /* FeedImageDataLoaderCacheDecorator.swift */; };
		0DDD03332A9F99040022DB8F /* SceneDelegateTests.swift in Sources */ = {isa = PBXBuildFile; fileRef = 0DDD03322A9F99040022DB8F /* SceneDelegateTests.swift */; };
		0DDD033A2A9F9C170022DB8F /* FeedViewAdapter.swift in Sources */ = {isa = PBXBuildFile; fileRef = 0DDD03382A9F9C170022DB8F /* FeedViewAdapter.swift */; };
		0DDD033B2A9F9C170022DB8F /* FeedLoaderPresentationAdapter.swift in Sources */ = {isa = PBXBuildFile; fileRef = 0DDD03362A9F9C170022DB8F /* FeedLoaderPresentationAdapter.swift */; };
		0DDD033C2A9F9C170022DB8F /* MainQueueDispatchDecorator.swift in Sources */ = {isa = PBXBuildFile; fileRef = 0DDD03372A9F9C170022DB8F /* MainQueueDispatchDecorator.swift */; };
		0DDD033D2A9F9C170022DB8F /* WeakRefVirtualProxy.swift in Sources */ = {isa = PBXBuildFile; fileRef = 0DDD03352A9F9C170022DB8F /* WeakRefVirtualProxy.swift */; };
		0DDD033E2A9F9C170022DB8F /* FeedUIComposer.swift in Sources */ = {isa = PBXBuildFile; fileRef = 0DDD03342A9F9C170022DB8F /* FeedUIComposer.swift */; };
		0DDD033F2A9F9C170022DB8F /* FeedImageDataLoaderPresentationAdapter.swift in Sources */ = {isa = PBXBuildFile; fileRef = 0DDD03392A9F9C170022DB8F /* FeedImageDataLoaderPresentationAdapter.swift */; };
		0DDD03492A9F9CB00022DB8F /* FeedUIIntegrationTests.swift in Sources */ = {isa = PBXBuildFile; fileRef = 0DDD03482A9F9CB00022DB8F /* FeedUIIntegrationTests.swift */; };
		0DDD034A2A9F9E190022DB8F /* FeedUIIntegrationTests+Localization.swift in Sources */ = {isa = PBXBuildFile; fileRef = 0DDD03402A9F9C2E0022DB8F /* FeedUIIntegrationTests+Localization.swift */; };
		0DDD034B2A9F9E2A0022DB8F /* UIButton+TestHelpers.swift in Sources */ = {isa = PBXBuildFile; fileRef = 0DDD03412A9F9C2E0022DB8F /* UIButton+TestHelpers.swift */; };
		0DDD034C2A9F9E2E0022DB8F /* UIImage+TestHelpers.swift in Sources */ = {isa = PBXBuildFile; fileRef = 0DDD03432A9F9C2E0022DB8F /* UIImage+TestHelpers.swift */; };
		0DDD034D2A9F9E2E0022DB8F /* UIRefreshControl+TestHelpers.swift in Sources */ = {isa = PBXBuildFile; fileRef = 0DDD03422A9F9C2E0022DB8F /* UIRefreshControl+TestHelpers.swift */; };
/* End PBXBuildFile section */

/* Begin PBXContainerItemProxy section */
		0DB54C822A935BF20092A136 /* PBXContainerItemProxy */ = {
			isa = PBXContainerItemProxy;
			containerPortal = 0DB54C632A935BF10092A136 /* Project object */;
			proxyType = 1;
			remoteGlobalIDString = 0DB54C6A2A935BF10092A136;
			remoteInfo = EssentialApp;
		};
		0DDD032B2A9E41810022DB8F /* PBXContainerItemProxy */ = {
			isa = PBXContainerItemProxy;
			containerPortal = 0DB54C632A935BF10092A136 /* Project object */;
			proxyType = 1;
			remoteGlobalIDString = 0DB54C6A2A935BF10092A136;
			remoteInfo = EssentialApp;
		};
/* End PBXContainerItemProxy section */

/* Begin PBXCopyFilesBuildPhase section */
		0DB54CB02A9374820092A136 /* Embed Frameworks */ = {
			isa = PBXCopyFilesBuildPhase;
			buildActionMask = 2147483647;
			dstPath = "";
			dstSubfolderSpec = 10;
			files = (
				0DB54CAD2A9374820092A136 /* EssentialFeed.framework in Embed Frameworks */,
				0DB54CAF2A9374820092A136 /* EssentialFeediOS.framework in Embed Frameworks */,
			);
			name = "Embed Frameworks";
			runOnlyForDeploymentPostprocessing = 0;
		};
/* End PBXCopyFilesBuildPhase section */

/* Begin PBXFileReference section */
		0D1FB9C82A965886003B3EAD /* FeedLoaderCacheDecoratorTests.swift */ = {isa = PBXFileReference; lastKnownFileType = sourcecode.swift; path = FeedLoaderCacheDecoratorTests.swift; sourceTree = "<group>"; };
		0D1FB9CA2A965B05003B3EAD /* FeedLoaderStub.swift */ = {isa = PBXFileReference; lastKnownFileType = sourcecode.swift; path = FeedLoaderStub.swift; sourceTree = "<group>"; };
		0D1FB9CC2A965C63003B3EAD /* XCTestCase+FeedLoader.swift */ = {isa = PBXFileReference; lastKnownFileType = sourcecode.swift; path = "XCTestCase+FeedLoader.swift"; sourceTree = "<group>"; };
		0D1FB9D02A965F5F003B3EAD /* FeedLoaderCacheDecorator.swift */ = {isa = PBXFileReference; lastKnownFileType = sourcecode.swift; path = FeedLoaderCacheDecorator.swift; sourceTree = "<group>"; };
		0D1FB9D22A965FF3003B3EAD /* FeedImageDataLoaderCacheDecoratorTests.swift */ = {isa = PBXFileReference; lastKnownFileType = sourcecode.swift; path = FeedImageDataLoaderCacheDecoratorTests.swift; sourceTree = "<group>"; };
		0D1FB9D42A966088003B3EAD /* FeedImageDataLoaderSpy.swift */ = {isa = PBXFileReference; lastKnownFileType = sourcecode.swift; path = FeedImageDataLoaderSpy.swift; sourceTree = "<group>"; };
		0D1FB9D62A966143003B3EAD /* XCTestCase+FeedImageDataLoader.swift */ = {isa = PBXFileReference; lastKnownFileType = sourcecode.swift; path = "XCTestCase+FeedImageDataLoader.swift"; sourceTree = "<group>"; };
		0DB54C6B2A935BF10092A136 /* EssentialApp.app */ = {isa = PBXFileReference; explicitFileType = wrapper.application; includeInIndex = 0; path = EssentialApp.app; sourceTree = BUILT_PRODUCTS_DIR; };
		0DB54C6E2A935BF10092A136 /* AppDelegate.swift */ = {isa = PBXFileReference; lastKnownFileType = sourcecode.swift; path = AppDelegate.swift; sourceTree = "<group>"; };
		0DB54C702A935BF10092A136 /* SceneDelegate.swift */ = {isa = PBXFileReference; lastKnownFileType = sourcecode.swift; path = SceneDelegate.swift; sourceTree = "<group>"; };
		0DB54C722A935BF10092A136 /* ViewController.swift */ = {isa = PBXFileReference; lastKnownFileType = sourcecode.swift; path = ViewController.swift; sourceTree = "<group>"; };
		0DB54C752A935BF10092A136 /* Base */ = {isa = PBXFileReference; lastKnownFileType = file.storyboard; name = Base; path = Base.lproj/Main.storyboard; sourceTree = "<group>"; };
		0DB54C772A935BF20092A136 /* Assets.xcassets */ = {isa = PBXFileReference; lastKnownFileType = folder.assetcatalog; path = Assets.xcassets; sourceTree = "<group>"; };
		0DB54C7A2A935BF20092A136 /* Base */ = {isa = PBXFileReference; lastKnownFileType = file.storyboard; name = Base; path = Base.lproj/LaunchScreen.storyboard; sourceTree = "<group>"; };
		0DB54C7C2A935BF20092A136 /* Info.plist */ = {isa = PBXFileReference; lastKnownFileType = text.plist.xml; path = Info.plist; sourceTree = "<group>"; };
		0DB54C812A935BF20092A136 /* EssentialAppTests.xctest */ = {isa = PBXFileReference; explicitFileType = wrapper.cfbundle; includeInIndex = 0; path = EssentialAppTests.xctest; sourceTree = BUILT_PRODUCTS_DIR; };
		0DB54CA72A9373CB0092A136 /* FeedLoaderWithFallbackCompositeTests.swift */ = {isa = PBXFileReference; lastKnownFileType = sourcecode.swift; path = FeedLoaderWithFallbackCompositeTests.swift; sourceTree = "<group>"; };
		0DB54CAA2A9374820092A136 /* EssentialFeed.framework */ = {isa = PBXFileReference; explicitFileType = wrapper.framework; path = EssentialFeed.framework; sourceTree = BUILT_PRODUCTS_DIR; };
		0DB54CAB2A9374820092A136 /* EssentialFeediOS.framework */ = {isa = PBXFileReference; explicitFileType = wrapper.framework; path = EssentialFeediOS.framework; sourceTree = BUILT_PRODUCTS_DIR; };
		0DB54CB22A95049A0092A136 /* FeedLoaderWithFallbackComposite.swift */ = {isa = PBXFileReference; lastKnownFileType = sourcecode.swift; path = FeedLoaderWithFallbackComposite.swift; sourceTree = "<group>"; };
		0DB54CB42A9505140092A136 /* FeedImageDataLoaderWithFallbackCompositeTests.swift */ = {isa = PBXFileReference; lastKnownFileType = sourcecode.swift; path = FeedImageDataLoaderWithFallbackCompositeTests.swift; sourceTree = "<group>"; };
		0DB54CB62A950AD90092A136 /* FeedImageDataLoaderWithFallbackComposite.swift */ = {isa = PBXFileReference; lastKnownFileType = sourcecode.swift; path = FeedImageDataLoaderWithFallbackComposite.swift; sourceTree = "<group>"; };
		0DB54CB92A950BB00092A136 /* XCTestCase+MemoryLeakTracking.swift */ = {isa = PBXFileReference; lastKnownFileType = sourcecode.swift; path = "XCTestCase+MemoryLeakTracking.swift"; sourceTree = "<group>"; };
		0DB54CBB2A950CE10092A136 /* SharedTestHelpers.swift */ = {isa = PBXFileReference; lastKnownFileType = sourcecode.swift; path = SharedTestHelpers.swift; sourceTree = "<group>"; };
		0DCA64F22AA092700066BC07 /* FeedAcceptanceTests.swift */ = {isa = PBXFileReference; lastKnownFileType = sourcecode.swift; path = FeedAcceptanceTests.swift; sourceTree = "<group>"; };
		0DDD031F2A9E36570022DB8F /* FeedImageDataLoaderCacheDecorator.swift */ = {isa = PBXFileReference; lastKnownFileType = sourcecode.swift; path = FeedImageDataLoaderCacheDecorator.swift; sourceTree = "<group>"; };
		0DDD03252A9E41810022DB8F /* EssentialAppUIAcceptanceTests.xctest */ = {isa = PBXFileReference; explicitFileType = wrapper.cfbundle; includeInIndex = 0; path = EssentialAppUIAcceptanceTests.xctest; sourceTree = BUILT_PRODUCTS_DIR; };
		0DDD03322A9F99040022DB8F /* SceneDelegateTests.swift */ = {isa = PBXFileReference; lastKnownFileType = sourcecode.swift; path = SceneDelegateTests.swift; sourceTree = "<group>"; };
		0DDD03342A9F9C170022DB8F /* FeedUIComposer.swift */ = {isa = PBXFileReference; lastKnownFileType = sourcecode.swift; path = FeedUIComposer.swift; sourceTree = "<group>"; };
		0DDD03352A9F9C170022DB8F /* WeakRefVirtualProxy.swift */ = {isa = PBXFileReference; lastKnownFileType = sourcecode.swift; path = WeakRefVirtualProxy.swift; sourceTree = "<group>"; };
		0DDD03362A9F9C170022DB8F /* FeedLoaderPresentationAdapter.swift */ = {isa = PBXFileReference; lastKnownFileType = sourcecode.swift; path = FeedLoaderPresentationAdapter.swift; sourceTree = "<group>"; };
		0DDD03372A9F9C170022DB8F /* MainQueueDispatchDecorator.swift */ = {isa = PBXFileReference; lastKnownFileType = sourcecode.swift; path = MainQueueDispatchDecorator.swift; sourceTree = "<group>"; };
		0DDD03382A9F9C170022DB8F /* FeedViewAdapter.swift */ = {isa = PBXFileReference; lastKnownFileType = sourcecode.swift; path = FeedViewAdapter.swift; sourceTree = "<group>"; };
		0DDD03392A9F9C170022DB8F /* FeedImageDataLoaderPresentationAdapter.swift */ = {isa = PBXFileReference; lastKnownFileType = sourcecode.swift; path = FeedImageDataLoaderPresentationAdapter.swift; sourceTree = "<group>"; };
		0DDD03402A9F9C2E0022DB8F /* FeedUIIntegrationTests+Localization.swift */ = {isa = PBXFileReference; lastKnownFileType = sourcecode.swift; path = "FeedUIIntegrationTests+Localization.swift"; sourceTree = "<group>"; };
		0DDD03412A9F9C2E0022DB8F /* UIButton+TestHelpers.swift */ = {isa = PBXFileReference; lastKnownFileType = sourcecode.swift; path = "UIButton+TestHelpers.swift"; sourceTree = "<group>"; };
		0DDD03422A9F9C2E0022DB8F /* UIRefreshControl+TestHelpers.swift */ = {isa = PBXFileReference; lastKnownFileType = sourcecode.swift; path = "UIRefreshControl+TestHelpers.swift"; sourceTree = "<group>"; };
		0DDD03432A9F9C2E0022DB8F /* UIImage+TestHelpers.swift */ = {isa = PBXFileReference; lastKnownFileType = sourcecode.swift; path = "UIImage+TestHelpers.swift"; sourceTree = "<group>"; };
		0DDD03482A9F9CB00022DB8F /* FeedUIIntegrationTests.swift */ = {isa = PBXFileReference; lastKnownFileType = sourcecode.swift; path = FeedUIIntegrationTests.swift; sourceTree = "<group>"; };
/* End PBXFileReference section */

/* Begin PBXFrameworksBuildPhase section */
		0DB54C682A935BF10092A136 /* Frameworks */ = {
			isa = PBXFrameworksBuildPhase;
			buildActionMask = 2147483647;
			files = (
				0DB54CAC2A9374820092A136 /* EssentialFeed.framework in Frameworks */,
				0DB54CAE2A9374820092A136 /* EssentialFeediOS.framework in Frameworks */,
			);
			runOnlyForDeploymentPostprocessing = 0;
		};
		0DB54C7E2A935BF20092A136 /* Frameworks */ = {
			isa = PBXFrameworksBuildPhase;
			buildActionMask = 2147483647;
			files = (
			);
			runOnlyForDeploymentPostprocessing = 0;
		};
		0DDD03222A9E41810022DB8F /* Frameworks */ = {
			isa = PBXFrameworksBuildPhase;
			buildActionMask = 2147483647;
			files = (
			);
			runOnlyForDeploymentPostprocessing = 0;
		};
/* End PBXFrameworksBuildPhase section */

/* Begin PBXGroup section */
		0DB54C622A935BF10092A136 = {
			isa = PBXGroup;
			children = (
				0DB54C6D2A935BF10092A136 /* EssentialApp */,
				0DB54C842A935BF20092A136 /* EssentialAppTests */,
				0DDD03262A9E41810022DB8F /* EssentialAppUIAcceptanceTests */,
				0DB54C6C2A935BF10092A136 /* Products */,
				0DB54CA92A9374820092A136 /* Frameworks */,
			);
			sourceTree = "<group>";
		};
		0DB54C6C2A935BF10092A136 /* Products */ = {
			isa = PBXGroup;
			children = (
				0DB54C6B2A935BF10092A136 /* EssentialApp.app */,
				0DB54C812A935BF20092A136 /* EssentialAppTests.xctest */,
				0DDD03252A9E41810022DB8F /* EssentialAppUIAcceptanceTests.xctest */,
			);
			name = Products;
			sourceTree = "<group>";
		};
		0DB54C6D2A935BF10092A136 /* EssentialApp */ = {
			isa = PBXGroup;
			children = (
				0DDD03342A9F9C170022DB8F /* FeedUIComposer.swift */,
				0DDD03372A9F9C170022DB8F /* MainQueueDispatchDecorator.swift */,
				0DDD03352A9F9C170022DB8F /* WeakRefVirtualProxy.swift */,
				0DDD03392A9F9C170022DB8F /* FeedImageDataLoaderPresentationAdapter.swift */,
				0DDD03362A9F9C170022DB8F /* FeedLoaderPresentationAdapter.swift */,
				0DDD03382A9F9C170022DB8F /* FeedViewAdapter.swift */,
				0DB54C6E2A935BF10092A136 /* AppDelegate.swift */,
				0DB54C702A935BF10092A136 /* SceneDelegate.swift */,
				0DB54C722A935BF10092A136 /* ViewController.swift */,
				0DB54C742A935BF10092A136 /* Main.storyboard */,
				0DB54C772A935BF20092A136 /* Assets.xcassets */,
				0DB54C792A935BF20092A136 /* LaunchScreen.storyboard */,
				0DB54C7C2A935BF20092A136 /* Info.plist */,
				0DB54CB22A95049A0092A136 /* FeedLoaderWithFallbackComposite.swift */,
				0DB54CB62A950AD90092A136 /* FeedImageDataLoaderWithFallbackComposite.swift */,
				0D1FB9D02A965F5F003B3EAD /* FeedLoaderCacheDecorator.swift */,
				0DDD031F2A9E36570022DB8F /* FeedImageDataLoaderCacheDecorator.swift */,
			);
			path = EssentialApp;
			sourceTree = "<group>";
		};
		0DB54C842A935BF20092A136 /* EssentialAppTests */ = {
			isa = PBXGroup;
			children = (
				0DDD03482A9F9CB00022DB8F /* FeedUIIntegrationTests.swift */,
				0DB54CB82A950B9C0092A136 /* Helpers */,
				0DB54CA72A9373CB0092A136 /* FeedLoaderWithFallbackCompositeTests.swift */,
				0DB54CB42A9505140092A136 /* FeedImageDataLoaderWithFallbackCompositeTests.swift */,
				0D1FB9C82A965886003B3EAD /* FeedLoaderCacheDecoratorTests.swift */,
				0D1FB9D22A965FF3003B3EAD /* FeedImageDataLoaderCacheDecoratorTests.swift */,
				0DDD03322A9F99040022DB8F /* SceneDelegateTests.swift */,
				0DCA64F22AA092700066BC07 /* FeedAcceptanceTests.swift */,
			);
			path = EssentialAppTests;
			sourceTree = "<group>";
		};
		0DB54CA92A9374820092A136 /* Frameworks */ = {
			isa = PBXGroup;
			children = (
				0DB54CAA2A9374820092A136 /* EssentialFeed.framework */,
				0DB54CAB2A9374820092A136 /* EssentialFeediOS.framework */,
			);
			name = Frameworks;
			sourceTree = "<group>";
		};
		0DB54CB82A950B9C0092A136 /* Helpers */ = {
			isa = PBXGroup;
			children = (
				0DDD03422A9F9C2E0022DB8F /* UIRefreshControl+TestHelpers.swift */,
				0DDD03432A9F9C2E0022DB8F /* UIImage+TestHelpers.swift */,
				0DDD03412A9F9C2E0022DB8F /* UIButton+TestHelpers.swift */,
				0DDD03402A9F9C2E0022DB8F /* FeedUIIntegrationTests+Localization.swift */,
				0DB54CB92A950BB00092A136 /* XCTestCase+MemoryLeakTracking.swift */,
				0DB54CBB2A950CE10092A136 /* SharedTestHelpers.swift */,
				0D1FB9CA2A965B05003B3EAD /* FeedLoaderStub.swift */,
				0D1FB9CC2A965C63003B3EAD /* XCTestCase+FeedLoader.swift */,
				0D1FB9D42A966088003B3EAD /* FeedImageDataLoaderSpy.swift */,
				0D1FB9D62A966143003B3EAD /* XCTestCase+FeedImageDataLoader.swift */,
			);
			path = Helpers;
			sourceTree = "<group>";
		};
		0DDD03262A9E41810022DB8F /* EssentialAppUIAcceptanceTests */ = {
			isa = PBXGroup;
			children = (
			);
			path = EssentialAppUIAcceptanceTests;
			sourceTree = "<group>";
		};
/* End PBXGroup section */

/* Begin PBXNativeTarget section */
		0DB54C6A2A935BF10092A136 /* EssentialApp */ = {
			isa = PBXNativeTarget;
			buildConfigurationList = 0DB54C952A935BF20092A136 /* Build configuration list for PBXNativeTarget "EssentialApp" */;
			buildPhases = (
				0DB54C672A935BF10092A136 /* Sources */,
				0DB54C682A935BF10092A136 /* Frameworks */,
				0DB54C692A935BF10092A136 /* Resources */,
				0DB54CB02A9374820092A136 /* Embed Frameworks */,
			);
			buildRules = (
			);
			dependencies = (
			);
			name = EssentialApp;
			productName = EssentialApp;
			productReference = 0DB54C6B2A935BF10092A136 /* EssentialApp.app */;
			productType = "com.apple.product-type.application";
		};
		0DB54C802A935BF20092A136 /* EssentialAppTests */ = {
			isa = PBXNativeTarget;
			buildConfigurationList = 0DB54C982A935BF20092A136 /* Build configuration list for PBXNativeTarget "EssentialAppTests" */;
			buildPhases = (
				0DB54C7D2A935BF20092A136 /* Sources */,
				0DB54C7E2A935BF20092A136 /* Frameworks */,
				0DB54C7F2A935BF20092A136 /* Resources */,
			);
			buildRules = (
			);
			dependencies = (
				0DB54C832A935BF20092A136 /* PBXTargetDependency */,
			);
			name = EssentialAppTests;
			productName = EssentialAppTests;
			productReference = 0DB54C812A935BF20092A136 /* EssentialAppTests.xctest */;
			productType = "com.apple.product-type.bundle.unit-test";
		};
		0DDD03242A9E41810022DB8F /* EssentialAppUIAcceptanceTests */ = {
			isa = PBXNativeTarget;
			buildConfigurationList = 0DDD032D2A9E41810022DB8F /* Build configuration list for PBXNativeTarget "EssentialAppUIAcceptanceTests" */;
			buildPhases = (
				0DDD03212A9E41810022DB8F /* Sources */,
				0DDD03222A9E41810022DB8F /* Frameworks */,
				0DDD03232A9E41810022DB8F /* Resources */,
			);
			buildRules = (
			);
			dependencies = (
				0DDD032C2A9E41810022DB8F /* PBXTargetDependency */,
			);
			name = EssentialAppUIAcceptanceTests;
			productName = EssentialAppUIAcceptanceTests;
			productReference = 0DDD03252A9E41810022DB8F /* EssentialAppUIAcceptanceTests.xctest */;
			productType = "com.apple.product-type.bundle.ui-testing";
		};
/* End PBXNativeTarget section */

/* Begin PBXProject section */
		0DB54C632A935BF10092A136 /* Project object */ = {
			isa = PBXProject;
			attributes = {
				BuildIndependentTargetsInParallel = 1;
				LastSwiftUpdateCheck = 1430;
				LastUpgradeCheck = 1430;
				TargetAttributes = {
					0DB54C6A2A935BF10092A136 = {
						CreatedOnToolsVersion = 14.3;
					};
					0DB54C802A935BF20092A136 = {
						CreatedOnToolsVersion = 14.3;
						TestTargetID = 0DB54C6A2A935BF10092A136;
					};
					0DDD03242A9E41810022DB8F = {
						CreatedOnToolsVersion = 14.3;
						TestTargetID = 0DB54C6A2A935BF10092A136;
					};
				};
			};
			buildConfigurationList = 0DB54C662A935BF10092A136 /* Build configuration list for PBXProject "EssentialApp" */;
			compatibilityVersion = "Xcode 14.0";
			developmentRegion = en;
			hasScannedForEncodings = 0;
			knownRegions = (
				en,
				Base,
			);
			mainGroup = 0DB54C622A935BF10092A136;
			productRefGroup = 0DB54C6C2A935BF10092A136 /* Products */;
			projectDirPath = "";
			projectRoot = "";
			targets = (
				0DB54C6A2A935BF10092A136 /* EssentialApp */,
				0DB54C802A935BF20092A136 /* EssentialAppTests */,
				0DDD03242A9E41810022DB8F /* EssentialAppUIAcceptanceTests */,
			);
		};
/* End PBXProject section */

/* Begin PBXResourcesBuildPhase section */
		0DB54C692A935BF10092A136 /* Resources */ = {
			isa = PBXResourcesBuildPhase;
			buildActionMask = 2147483647;
			files = (
				0DB54C7B2A935BF20092A136 /* LaunchScreen.storyboard in Resources */,
				0DB54C782A935BF20092A136 /* Assets.xcassets in Resources */,
				0DB54C762A935BF10092A136 /* Main.storyboard in Resources */,
			);
			runOnlyForDeploymentPostprocessing = 0;
		};
		0DB54C7F2A935BF20092A136 /* Resources */ = {
			isa = PBXResourcesBuildPhase;
			buildActionMask = 2147483647;
			files = (
			);
			runOnlyForDeploymentPostprocessing = 0;
		};
		0DDD03232A9E41810022DB8F /* Resources */ = {
			isa = PBXResourcesBuildPhase;
			buildActionMask = 2147483647;
			files = (
			);
			runOnlyForDeploymentPostprocessing = 0;
		};
/* End PBXResourcesBuildPhase section */

/* Begin PBXSourcesBuildPhase section */
		0DB54C672A935BF10092A136 /* Sources */ = {
			isa = PBXSourcesBuildPhase;
			buildActionMask = 2147483647;
			files = (
				0DDD033C2A9F9C170022DB8F /* MainQueueDispatchDecorator.swift in Sources */,
				0DB54C732A935BF10092A136 /* ViewController.swift in Sources */,
				0DDD033F2A9F9C170022DB8F /* FeedImageDataLoaderPresentationAdapter.swift in Sources */,
				0DB54C6F2A935BF10092A136 /* AppDelegate.swift in Sources */,
				0DB54CB32A95049A0092A136 /* FeedLoaderWithFallbackComposite.swift in Sources */,
				0D1FB9D12A965F5F003B3EAD /* FeedLoaderCacheDecorator.swift in Sources */,
				0DB54C712A935BF10092A136 /* SceneDelegate.swift in Sources */,
				0DDD033E2A9F9C170022DB8F /* FeedUIComposer.swift in Sources */,
				0DDD033B2A9F9C170022DB8F /* FeedLoaderPresentationAdapter.swift in Sources */,
				0DB54CB72A950AD90092A136 /* FeedImageDataLoaderWithFallbackComposite.swift in Sources */,
				0DDD033A2A9F9C170022DB8F /* FeedViewAdapter.swift in Sources */,
				0DDD033D2A9F9C170022DB8F /* WeakRefVirtualProxy.swift in Sources */,
				0DDD03202A9E36570022DB8F /* FeedImageDataLoaderCacheDecorator.swift in Sources */,
			);
			runOnlyForDeploymentPostprocessing = 0;
		};
		0DB54C7D2A935BF20092A136 /* Sources */ = {
			isa = PBXSourcesBuildPhase;
			buildActionMask = 2147483647;
			files = (
				0DB54CBC2A950CE10092A136 /* SharedTestHelpers.swift in Sources */,
				0D1FB9D32A965FF3003B3EAD /* FeedImageDataLoaderCacheDecoratorTests.swift in Sources */,
				0D1FB9CD2A965C63003B3EAD /* XCTestCase+FeedLoader.swift in Sources */,
				0D1FB9D72A966143003B3EAD /* XCTestCase+FeedImageDataLoader.swift in Sources */,
				0DDD034A2A9F9E190022DB8F /* FeedUIIntegrationTests+Localization.swift in Sources */,
				0DDD03492A9F9CB00022DB8F /* FeedUIIntegrationTests.swift in Sources */,
				0DDD03332A9F99040022DB8F /* SceneDelegateTests.swift in Sources */,
				0D1FB9C92A965886003B3EAD /* FeedLoaderCacheDecoratorTests.swift in Sources */,
				0DDD034C2A9F9E2E0022DB8F /* UIImage+TestHelpers.swift in Sources */,
				0D1FB9D52A966088003B3EAD /* FeedImageDataLoaderSpy.swift in Sources */,
				0DB54CB52A9505140092A136 /* FeedImageDataLoaderWithFallbackCompositeTests.swift in Sources */,
				0DCA64F32AA092700066BC07 /* FeedAcceptanceTests.swift in Sources */,
				0DB54CA82A9373CB0092A136 /* FeedLoaderWithFallbackCompositeTests.swift in Sources */,
				0DDD034B2A9F9E2A0022DB8F /* UIButton+TestHelpers.swift in Sources */,
				0DDD034D2A9F9E2E0022DB8F /* UIRefreshControl+TestHelpers.swift in Sources */,
				0D1FB9CB2A965B05003B3EAD /* FeedLoaderStub.swift in Sources */,
				0DB54CBA2A950BB00092A136 /* XCTestCase+MemoryLeakTracking.swift in Sources */,
			);
			runOnlyForDeploymentPostprocessing = 0;
		};
		0DDD03212A9E41810022DB8F /* Sources */ = {
			isa = PBXSourcesBuildPhase;
			buildActionMask = 2147483647;
			files = (
			);
			runOnlyForDeploymentPostprocessing = 0;
		};
/* End PBXSourcesBuildPhase section */

/* Begin PBXTargetDependency section */
		0DB54C832A935BF20092A136 /* PBXTargetDependency */ = {
			isa = PBXTargetDependency;
			target = 0DB54C6A2A935BF10092A136 /* EssentialApp */;
			targetProxy = 0DB54C822A935BF20092A136 /* PBXContainerItemProxy */;
		};
		0DDD032C2A9E41810022DB8F /* PBXTargetDependency */ = {
			isa = PBXTargetDependency;
			target = 0DB54C6A2A935BF10092A136 /* EssentialApp */;
			targetProxy = 0DDD032B2A9E41810022DB8F /* PBXContainerItemProxy */;
		};
/* End PBXTargetDependency section */

/* Begin PBXVariantGroup section */
		0DB54C742A935BF10092A136 /* Main.storyboard */ = {
			isa = PBXVariantGroup;
			children = (
				0DB54C752A935BF10092A136 /* Base */,
			);
			name = Main.storyboard;
			sourceTree = "<group>";
		};
		0DB54C792A935BF20092A136 /* LaunchScreen.storyboard */ = {
			isa = PBXVariantGroup;
			children = (
				0DB54C7A2A935BF20092A136 /* Base */,
			);
			name = LaunchScreen.storyboard;
			sourceTree = "<group>";
		};
/* End PBXVariantGroup section */

/* Begin XCBuildConfiguration section */
		0DB54C932A935BF20092A136 /* Debug */ = {
			isa = XCBuildConfiguration;
			buildSettings = {
				ALWAYS_SEARCH_USER_PATHS = NO;
				CLANG_ANALYZER_NONNULL = YES;
				CLANG_ANALYZER_NUMBER_OBJECT_CONVERSION = YES_AGGRESSIVE;
				CLANG_CXX_LANGUAGE_STANDARD = "gnu++20";
				CLANG_ENABLE_MODULES = YES;
				CLANG_ENABLE_OBJC_ARC = YES;
				CLANG_ENABLE_OBJC_WEAK = YES;
				CLANG_WARN_BLOCK_CAPTURE_AUTORELEASING = YES;
				CLANG_WARN_BOOL_CONVERSION = YES;
				CLANG_WARN_COMMA = YES;
				CLANG_WARN_CONSTANT_CONVERSION = YES;
				CLANG_WARN_DEPRECATED_OBJC_IMPLEMENTATIONS = YES;
				CLANG_WARN_DIRECT_OBJC_ISA_USAGE = YES_ERROR;
				CLANG_WARN_DOCUMENTATION_COMMENTS = YES;
				CLANG_WARN_EMPTY_BODY = YES;
				CLANG_WARN_ENUM_CONVERSION = YES;
				CLANG_WARN_INFINITE_RECURSION = YES;
				CLANG_WARN_INT_CONVERSION = YES;
				CLANG_WARN_NON_LITERAL_NULL_CONVERSION = YES;
				CLANG_WARN_OBJC_IMPLICIT_RETAIN_SELF = YES;
				CLANG_WARN_OBJC_LITERAL_CONVERSION = YES;
				CLANG_WARN_OBJC_ROOT_CLASS = YES_ERROR;
				CLANG_WARN_QUOTED_INCLUDE_IN_FRAMEWORK_HEADER = YES;
				CLANG_WARN_RANGE_LOOP_ANALYSIS = YES;
				CLANG_WARN_STRICT_PROTOTYPES = YES;
				CLANG_WARN_SUSPICIOUS_MOVE = YES;
				CLANG_WARN_UNGUARDED_AVAILABILITY = YES_AGGRESSIVE;
				CLANG_WARN_UNREACHABLE_CODE = YES;
				CLANG_WARN__DUPLICATE_METHOD_MATCH = YES;
				COPY_PHASE_STRIP = NO;
				DEBUG_INFORMATION_FORMAT = dwarf;
				ENABLE_STRICT_OBJC_MSGSEND = YES;
				ENABLE_TESTABILITY = YES;
				GCC_C_LANGUAGE_STANDARD = gnu11;
				GCC_DYNAMIC_NO_PIC = NO;
				GCC_NO_COMMON_BLOCKS = YES;
				GCC_OPTIMIZATION_LEVEL = 0;
				GCC_PREPROCESSOR_DEFINITIONS = (
					"DEBUG=1",
					"$(inherited)",
				);
				GCC_WARN_64_TO_32_BIT_CONVERSION = YES;
				GCC_WARN_ABOUT_RETURN_TYPE = YES_ERROR;
				GCC_WARN_UNDECLARED_SELECTOR = YES;
				GCC_WARN_UNINITIALIZED_AUTOS = YES_AGGRESSIVE;
				GCC_WARN_UNUSED_FUNCTION = YES;
				GCC_WARN_UNUSED_VARIABLE = YES;
				IPHONEOS_DEPLOYMENT_TARGET = 16.4;
				MTL_ENABLE_DEBUG_INFO = INCLUDE_SOURCE;
				MTL_FAST_MATH = YES;
				ONLY_ACTIVE_ARCH = YES;
				SDKROOT = iphoneos;
				SWIFT_ACTIVE_COMPILATION_CONDITIONS = DEBUG;
				SWIFT_OPTIMIZATION_LEVEL = "-Onone";
			};
			name = Debug;
		};
		0DB54C942A935BF20092A136 /* Release */ = {
			isa = XCBuildConfiguration;
			buildSettings = {
				ALWAYS_SEARCH_USER_PATHS = NO;
				CLANG_ANALYZER_NONNULL = YES;
				CLANG_ANALYZER_NUMBER_OBJECT_CONVERSION = YES_AGGRESSIVE;
				CLANG_CXX_LANGUAGE_STANDARD = "gnu++20";
				CLANG_ENABLE_MODULES = YES;
				CLANG_ENABLE_OBJC_ARC = YES;
				CLANG_ENABLE_OBJC_WEAK = YES;
				CLANG_WARN_BLOCK_CAPTURE_AUTORELEASING = YES;
				CLANG_WARN_BOOL_CONVERSION = YES;
				CLANG_WARN_COMMA = YES;
				CLANG_WARN_CONSTANT_CONVERSION = YES;
				CLANG_WARN_DEPRECATED_OBJC_IMPLEMENTATIONS = YES;
				CLANG_WARN_DIRECT_OBJC_ISA_USAGE = YES_ERROR;
				CLANG_WARN_DOCUMENTATION_COMMENTS = YES;
				CLANG_WARN_EMPTY_BODY = YES;
				CLANG_WARN_ENUM_CONVERSION = YES;
				CLANG_WARN_INFINITE_RECURSION = YES;
				CLANG_WARN_INT_CONVERSION = YES;
				CLANG_WARN_NON_LITERAL_NULL_CONVERSION = YES;
				CLANG_WARN_OBJC_IMPLICIT_RETAIN_SELF = YES;
				CLANG_WARN_OBJC_LITERAL_CONVERSION = YES;
				CLANG_WARN_OBJC_ROOT_CLASS = YES_ERROR;
				CLANG_WARN_QUOTED_INCLUDE_IN_FRAMEWORK_HEADER = YES;
				CLANG_WARN_RANGE_LOOP_ANALYSIS = YES;
				CLANG_WARN_STRICT_PROTOTYPES = YES;
				CLANG_WARN_SUSPICIOUS_MOVE = YES;
				CLANG_WARN_UNGUARDED_AVAILABILITY = YES_AGGRESSIVE;
				CLANG_WARN_UNREACHABLE_CODE = YES;
				CLANG_WARN__DUPLICATE_METHOD_MATCH = YES;
				COPY_PHASE_STRIP = NO;
				DEBUG_INFORMATION_FORMAT = "dwarf-with-dsym";
				ENABLE_NS_ASSERTIONS = NO;
				ENABLE_STRICT_OBJC_MSGSEND = YES;
				GCC_C_LANGUAGE_STANDARD = gnu11;
				GCC_NO_COMMON_BLOCKS = YES;
				GCC_WARN_64_TO_32_BIT_CONVERSION = YES;
				GCC_WARN_ABOUT_RETURN_TYPE = YES_ERROR;
				GCC_WARN_UNDECLARED_SELECTOR = YES;
				GCC_WARN_UNINITIALIZED_AUTOS = YES_AGGRESSIVE;
				GCC_WARN_UNUSED_FUNCTION = YES;
				GCC_WARN_UNUSED_VARIABLE = YES;
				IPHONEOS_DEPLOYMENT_TARGET = 16.4;
				MTL_ENABLE_DEBUG_INFO = NO;
				MTL_FAST_MATH = YES;
				SDKROOT = iphoneos;
				SWIFT_COMPILATION_MODE = wholemodule;
				SWIFT_OPTIMIZATION_LEVEL = "-O";
				VALIDATE_PRODUCT = YES;
			};
			name = Release;
		};
		0DB54C962A935BF20092A136 /* Debug */ = {
			isa = XCBuildConfiguration;
			buildSettings = {
				ASSETCATALOG_COMPILER_APPICON_NAME = AppIcon;
				ASSETCATALOG_COMPILER_GLOBAL_ACCENT_COLOR_NAME = AccentColor;
				CODE_SIGN_STYLE = Automatic;
				CURRENT_PROJECT_VERSION = 1;
				DEVELOPMENT_TEAM = TQ52G937X2;
				GENERATE_INFOPLIST_FILE = YES;
				INFOPLIST_FILE = EssentialApp/Info.plist;
				INFOPLIST_KEY_UIApplicationSupportsIndirectInputEvents = YES;
				INFOPLIST_KEY_UILaunchStoryboardName = LaunchScreen;
				INFOPLIST_KEY_UIMainStoryboardFile = Main;
				INFOPLIST_KEY_UISupportedInterfaceOrientations_iPad = "UIInterfaceOrientationPortrait UIInterfaceOrientationPortraitUpsideDown UIInterfaceOrientationLandscapeLeft UIInterfaceOrientationLandscapeRight";
				INFOPLIST_KEY_UISupportedInterfaceOrientations_iPhone = "UIInterfaceOrientationPortrait UIInterfaceOrientationLandscapeLeft UIInterfaceOrientationLandscapeRight";
				LD_RUNPATH_SEARCH_PATHS = (
					"$(inherited)",
					"@executable_path/Frameworks",
				);
				MARKETING_VERSION = 1.0;
				PRODUCT_BUNDLE_IDENTIFIER = com.essentialdeveloper.EssentialApp;
				PRODUCT_NAME = "$(TARGET_NAME)";
				SWIFT_EMIT_LOC_STRINGS = YES;
				SWIFT_VERSION = 5.0;
				TARGETED_DEVICE_FAMILY = "1,2";
			};
			name = Debug;
		};
		0DB54C972A935BF20092A136 /* Release */ = {
			isa = XCBuildConfiguration;
			buildSettings = {
				ASSETCATALOG_COMPILER_APPICON_NAME = AppIcon;
				ASSETCATALOG_COMPILER_GLOBAL_ACCENT_COLOR_NAME = AccentColor;
				CODE_SIGN_STYLE = Automatic;
				CURRENT_PROJECT_VERSION = 1;
				DEVELOPMENT_TEAM = TQ52G937X2;
				GENERATE_INFOPLIST_FILE = YES;
				INFOPLIST_FILE = EssentialApp/Info.plist;
				INFOPLIST_KEY_UIApplicationSupportsIndirectInputEvents = YES;
				INFOPLIST_KEY_UILaunchStoryboardName = LaunchScreen;
				INFOPLIST_KEY_UIMainStoryboardFile = Main;
				INFOPLIST_KEY_UISupportedInterfaceOrientations_iPad = "UIInterfaceOrientationPortrait UIInterfaceOrientationPortraitUpsideDown UIInterfaceOrientationLandscapeLeft UIInterfaceOrientationLandscapeRight";
				INFOPLIST_KEY_UISupportedInterfaceOrientations_iPhone = "UIInterfaceOrientationPortrait UIInterfaceOrientationLandscapeLeft UIInterfaceOrientationLandscapeRight";
				LD_RUNPATH_SEARCH_PATHS = (
					"$(inherited)",
					"@executable_path/Frameworks",
				);
				MARKETING_VERSION = 1.0;
				PRODUCT_BUNDLE_IDENTIFIER = com.essentialdeveloper.EssentialApp;
				PRODUCT_NAME = "$(TARGET_NAME)";
				SWIFT_EMIT_LOC_STRINGS = YES;
				SWIFT_VERSION = 5.0;
				TARGETED_DEVICE_FAMILY = "1,2";
			};
			name = Release;
		};
		0DB54C992A935BF20092A136 /* Debug */ = {
			isa = XCBuildConfiguration;
			buildSettings = {
				ALWAYS_EMBED_SWIFT_STANDARD_LIBRARIES = YES;
				BUNDLE_LOADER = "$(TEST_HOST)";
				CODE_SIGN_STYLE = Automatic;
				CURRENT_PROJECT_VERSION = 1;
				DEVELOPMENT_TEAM = TQ52G937X2;
				GENERATE_INFOPLIST_FILE = YES;
				IPHONEOS_DEPLOYMENT_TARGET = 16.4;
				MARKETING_VERSION = 1.0;
				PRODUCT_BUNDLE_IDENTIFIER = com.essentialdeveloper.EssentialAppTests;
				PRODUCT_NAME = "$(TARGET_NAME)";
				SWIFT_EMIT_LOC_STRINGS = NO;
				SWIFT_VERSION = 5.0;
				TARGETED_DEVICE_FAMILY = "1,2";
				TEST_HOST = "$(BUILT_PRODUCTS_DIR)/EssentialApp.app/$(BUNDLE_EXECUTABLE_FOLDER_PATH)/EssentialApp";
			};
			name = Debug;
		};
		0DB54C9A2A935BF20092A136 /* Release */ = {
			isa = XCBuildConfiguration;
			buildSettings = {
				ALWAYS_EMBED_SWIFT_STANDARD_LIBRARIES = YES;
				BUNDLE_LOADER = "$(TEST_HOST)";
				CODE_SIGN_STYLE = Automatic;
				CURRENT_PROJECT_VERSION = 1;
				DEVELOPMENT_TEAM = TQ52G937X2;
				GENERATE_INFOPLIST_FILE = YES;
				IPHONEOS_DEPLOYMENT_TARGET = 16.4;
				MARKETING_VERSION = 1.0;
				PRODUCT_BUNDLE_IDENTIFIER = com.essentialdeveloper.EssentialAppTests;
				PRODUCT_NAME = "$(TARGET_NAME)";
				SWIFT_EMIT_LOC_STRINGS = NO;
				SWIFT_VERSION = 5.0;
				TARGETED_DEVICE_FAMILY = "1,2";
				TEST_HOST = "$(BUILT_PRODUCTS_DIR)/EssentialApp.app/$(BUNDLE_EXECUTABLE_FOLDER_PATH)/EssentialApp";
			};
			name = Release;
		};
		0DDD032E2A9E41810022DB8F /* Debug */ = {
			isa = XCBuildConfiguration;
			buildSettings = {
				CODE_SIGN_STYLE = Automatic;
				CURRENT_PROJECT_VERSION = 1;
				DEVELOPMENT_TEAM = TQ52G937X2;
				GENERATE_INFOPLIST_FILE = YES;
				MARKETING_VERSION = 1.0;
				PRODUCT_BUNDLE_IDENTIFIER = com.essentialdeveloper.EssentialAppUIAcceptanceTests;
				PRODUCT_NAME = "$(TARGET_NAME)";
				SWIFT_EMIT_LOC_STRINGS = NO;
				SWIFT_VERSION = 5.0;
				TARGETED_DEVICE_FAMILY = "1,2";
				TEST_TARGET_NAME = EssentialApp;
			};
			name = Debug;
		};
		0DDD032F2A9E41810022DB8F /* Release */ = {
			isa = XCBuildConfiguration;
			buildSettings = {
				CODE_SIGN_STYLE = Automatic;
				CURRENT_PROJECT_VERSION = 1;
				DEVELOPMENT_TEAM = TQ52G937X2;
				GENERATE_INFOPLIST_FILE = YES;
				MARKETING_VERSION = 1.0;
				PRODUCT_BUNDLE_IDENTIFIER = com.essentialdeveloper.EssentialAppUIAcceptanceTests;
				PRODUCT_NAME = "$(TARGET_NAME)";
				SWIFT_EMIT_LOC_STRINGS = NO;
				SWIFT_VERSION = 5.0;
				TARGETED_DEVICE_FAMILY = "1,2";
				TEST_TARGET_NAME = EssentialApp;
			};
			name = Release;
		};
/* End XCBuildConfiguration section */

/* Begin XCConfigurationList section */
		0DB54C662A935BF10092A136 /* Build configuration list for PBXProject "EssentialApp" */ = {
			isa = XCConfigurationList;
			buildConfigurations = (
				0DB54C932A935BF20092A136 /* Debug */,
				0DB54C942A935BF20092A136 /* Release */,
			);
			defaultConfigurationIsVisible = 0;
			defaultConfigurationName = Release;
		};
		0DB54C952A935BF20092A136 /* Build configuration list for PBXNativeTarget "EssentialApp" */ = {
			isa = XCConfigurationList;
			buildConfigurations = (
				0DB54C962A935BF20092A136 /* Debug */,
				0DB54C972A935BF20092A136 /* Release */,
			);
			defaultConfigurationIsVisible = 0;
			defaultConfigurationName = Release;
		};
		0DB54C982A935BF20092A136 /* Build configuration list for PBXNativeTarget "EssentialAppTests" */ = {
			isa = XCConfigurationList;
			buildConfigurations = (
				0DB54C992A935BF20092A136 /* Debug */,
				0DB54C9A2A935BF20092A136 /* Release */,
			);
			defaultConfigurationIsVisible = 0;
			defaultConfigurationName = Release;
		};
		0DDD032D2A9E41810022DB8F /* Build configuration list for PBXNativeTarget "EssentialAppUIAcceptanceTests" */ = {
			isa = XCConfigurationList;
			buildConfigurations = (
				0DDD032E2A9E41810022DB8F /* Debug */,
				0DDD032F2A9E41810022DB8F /* Release */,
			);
			defaultConfigurationIsVisible = 0;
			defaultConfigurationName = Release;
		};
/* End XCConfigurationList section */
	};
	rootObject = 0DB54C632A935BF10092A136 /* Project object */;
}
